
Microsoft Visual Studio Solution File, Format Version 12.00
# Visual Studio 15
VisualStudioVersion = 15.0.27130.2024
MinimumVisualStudioVersion = 10.0.40219.1
Project("{9A19103F-16F7-4668-BE54-9A1E7A4F7556}") = "SmartUnitApi", "SmartUnitApi.csproj", "{ADB23242-8AA2-4D96-AA87-5DA93877189A}"
EndProject
Global
	GlobalSection(SolutionConfigurationPlatforms) = preSolution
		Debug|Any CPU = Debug|Any CPU
		Release|Any CPU = Release|Any CPU
	EndGlobalSection
	GlobalSection(ProjectConfigurationPlatforms) = postSolution
		{ADB23242-8AA2-4D96-AA87-5DA93877189A}.Debug|Any CPU.ActiveCfg = Debug|Any CPU
		{ADB23242-8AA2-4D96-AA87-5DA93877189A}.Debug|Any CPU.Build.0 = Debug|Any CPU
		{ADB23242-8AA2-4D96-AA87-5DA93877189A}.Release|Any CPU.ActiveCfg = Release|Any CPU
		{ADB23242-8AA2-4D96-AA87-5DA93877189A}.Release|Any CPU.Build.0 = Release|Any CPU
	EndGlobalSection
	GlobalSection(SolutionProperties) = preSolution
		HideSolutionNode = FALSE
	EndGlobalSection
	GlobalSection(ExtensibilityGlobals) = postSolution
		SolutionGuid = {9B8F06FB-E4CE-4B68-B520-B14BFACA94FE}
	EndGlobalSection
EndGlobal
